
Microsoft Visual Studio Solution File, Format Version 12.00
# Visual Studio 14
VisualStudioVersion = 14.0.25420.1
MinimumVisualStudioVersion = 10.0.40219.1
Project("{FAE04EC0-301F-11D3-BF4B-00C04F79EFBC}") = "MemoryModel", "MemoryModel\MemoryModel.csproj", "{1131D670-697A-4D1C-921B-044219DF560A}"
EndProject
Project("{FAE04EC0-301F-11D3-BF4B-00C04F79EFBC}") = "ReaderWriterLock", "ReaderWriterLock\ReaderWriterLock.csproj", "{389BCB3D-3E30-4341-B062-06A3D515FC65}"
EndProject
Project("{FAE04EC0-301F-11D3-BF4B-00C04F79EFBC}") = "ThreadSafeCollections", "ThreadSafeCollections\ThreadSafeCollections.csproj", "{E26A78A2-2FEB-4EBC-824E-F0E89E19FC53}"
EndProject
Project("{FAE04EC0-301F-11D3-BF4B-00C04F79EFBC}") = "OperationCancellations", "OperationCancellations\OperationCancellations.csproj", "{36C69F4A-97C5-4447-8682-CC18A1A2E9AB}"
EndProject
Project("{FAE04EC0-301F-11D3-BF4B-00C04F79EFBC}") = "ThreadPooling", "ThreadPooling\ThreadPooling.csproj", "{1A402A23-AFCB-49A0-8269-19406EFE22E7}"
EndProject
Project("{FAE04EC0-301F-11D3-BF4B-00C04F79EFBC}") = "AsyncAwait", "AsyncAwait\AsyncAwait.csproj", "{835A3B78-03A5-4D6F-A0D0-F668348BA0D0}"
EndProject
Project("{FAE04EC0-301F-11D3-BF4B-00C04F79EFBC}") = "ParallelComputation", "ParallelComputation\ParallelComputation.csproj", "{8ADEC61E-11AE-4B3C-ACC6-06B93D8F5364}"
EndProject
Global
	GlobalSection(SolutionConfigurationPlatforms) = preSolution
		Debug|Any CPU = Debug|Any CPU
		Release|Any CPU = Release|Any CPU
	EndGlobalSection
	GlobalSection(ProjectConfigurationPlatforms) = postSolution
		{1131D670-697A-4D1C-921B-044219DF560A}.Debug|Any CPU.ActiveCfg = Debug|Any CPU
		{1131D670-697A-4D1C-921B-044219DF560A}.Debug|Any CPU.Build.0 = Debug|Any CPU
		{1131D670-697A-4D1C-921B-044219DF560A}.Release|Any CPU.ActiveCfg = Release|Any CPU
		{1131D670-697A-4D1C-921B-044219DF560A}.Release|Any CPU.Build.0 = Release|Any CPU
		{389BCB3D-3E30-4341-B062-06A3D515FC65}.Debug|Any CPU.ActiveCfg = Debug|Any CPU
		{389BCB3D-3E30-4341-B062-06A3D515FC65}.Debug|Any CPU.Build.0 = Debug|Any CPU
		{389BCB3D-3E30-4341-B062-06A3D515FC65}.Release|Any CPU.ActiveCfg = Release|Any CPU
		{389BCB3D-3E30-4341-B062-06A3D515FC65}.Release|Any CPU.Build.0 = Release|Any CPU
		{E26A78A2-2FEB-4EBC-824E-F0E89E19FC53}.Debug|Any CPU.ActiveCfg = Debug|Any CPU
		{E26A78A2-2FEB-4EBC-824E-F0E89E19FC53}.Debug|Any CPU.Build.0 = Debug|Any CPU
		{E26A78A2-2FEB-4EBC-824E-F0E89E19FC53}.Release|Any CPU.ActiveCfg = Release|Any CPU
		{E26A78A2-2FEB-4EBC-824E-F0E89E19FC53}.Release|Any CPU.Build.0 = Release|Any CPU
		{36C69F4A-97C5-4447-8682-CC18A1A2E9AB}.Debug|Any CPU.ActiveCfg = Debug|Any CPU
		{36C69F4A-97C5-4447-8682-CC18A1A2E9AB}.Debug|Any CPU.Build.0 = Debug|Any CPU
		{36C69F4A-97C5-4447-8682-CC18A1A2E9AB}.Release|Any CPU.ActiveCfg = Release|Any CPU
		{36C69F4A-97C5-4447-8682-CC18A1A2E9AB}.Release|Any CPU.Build.0 = Release|Any CPU
		{1A402A23-AFCB-49A0-8269-19406EFE22E7}.Debug|Any CPU.ActiveCfg = Debug|Any CPU
		{1A402A23-AFCB-49A0-8269-19406EFE22E7}.Debug|Any CPU.Build.0 = Debug|Any CPU
		{1A402A23-AFCB-49A0-8269-19406EFE22E7}.Release|Any CPU.ActiveCfg = Release|Any CPU
		{1A402A23-AFCB-49A0-8269-19406EFE22E7}.Release|Any CPU.Build.0 = Release|Any CPU
		{835A3B78-03A5-4D6F-A0D0-F668348BA0D0}.Debug|Any CPU.ActiveCfg = Debug|Any CPU
		{835A3B78-03A5-4D6F-A0D0-F668348BA0D0}.Debug|Any CPU.Build.0 = Debug|Any CPU
		{835A3B78-03A5-4D6F-A0D0-F668348BA0D0}.Release|Any CPU.ActiveCfg = Release|Any CPU
		{835A3B78-03A5-4D6F-A0D0-F668348BA0D0}.Release|Any CPU.Build.0 = Release|Any CPU
		{8ADEC61E-11AE-4B3C-ACC6-06B93D8F5364}.Debug|Any CPU.ActiveCfg = Debug|Any CPU
		{8ADEC61E-11AE-4B3C-ACC6-06B93D8F5364}.Debug|Any CPU.Build.0 = Debug|Any CPU
		{8ADEC61E-11AE-4B3C-ACC6-06B93D8F5364}.Release|Any CPU.ActiveCfg = Release|Any CPU
		{8ADEC61E-11AE-4B3C-ACC6-06B93D8F5364}.Release|Any CPU.Build.0 = Release|Any CPU
	EndGlobalSection
	GlobalSection(SolutionProperties) = preSolution
		HideSolutionNode = FALSE
	EndGlobalSection
EndGlobal
